// !$*UTF8*$!
{
	archiveVersion = 1;
	classes = {
	};
	objectVersion = 56;
	objects = {

/* Begin PBXBuildFile section */
		D307DCB32A39507E00F83B36 /* main.cpp in Sources */ = {isa = PBXBuildFile; fileRef = D307DCB22A39507E00F83B36 /* main.cpp */; };
		D307DCBC2A39561E00F83B36 /* ldf_parser.cpp in Sources */ = {isa = PBXBuildFile; fileRef = D307DCBA2A39561E00F83B36 /* ldf_parser.cpp */; };
		D307DCCA2A39624E00F83B36 /* frame.cpp in Sources */ = {isa = PBXBuildFile; fileRef = D307DCC82A39624E00F83B36 /* frame.cpp */; };
		D307DCCD2A39626000F83B36 /* signal_encoding_type.cpp in Sources */ = {isa = PBXBuildFile; fileRef = D307DCCB2A39626000F83B36 /* signal_encoding_type.cpp */; };
		D307DCD02A39626E00F83B36 /* signal.cpp in Sources */ = {isa = PBXBuildFile; fileRef = D307DCCE2A39626E00F83B36 /* signal.cpp */; };
/* End PBXBuildFile section */

/* Begin PBXCopyFilesBuildPhase section */
		D307DCAD2A39507E00F83B36 /* CopyFiles */ = {
			isa = PBXCopyFilesBuildPhase;
			buildActionMask = 2147483647;
			dstPath = /usr/share/man/man1/;
			dstSubfolderSpec = 0;
			files = (
			);
			runOnlyForDeploymentPostprocessing = 1;
		};
/* End PBXCopyFilesBuildPhase section */

/* Begin PBXFileReference section */
		D307DCAF2A39507E00F83B36 /* LIN_Database_Encode_Decode_Tool */ = {isa = PBXFileReference; explicitFileType = "compiled.mach-o.executable"; includeInIndex = 0; path = LIN_Database_Encode_Decode_Tool; sourceTree = BUILT_PRODUCTS_DIR; };
		D307DCB22A39507E00F83B36 /* main.cpp */ = {isa = PBXFileReference; lastKnownFileType = sourcecode.cpp.cpp; path = main.cpp; sourceTree = "<group>"; };
		D307DCBA2A39561E00F83B36 /* ldf_parser.cpp */ = {isa = PBXFileReference; lastKnownFileType = sourcecode.cpp.cpp; path = ldf_parser.cpp; sourceTree = "<group>"; };
		D307DCBB2A39561E00F83B36 /* ldf_parser.hpp */ = {isa = PBXFileReference; lastKnownFileType = sourcecode.cpp.h; path = ldf_parser.hpp; sourceTree = "<group>"; };
		D307DCC82A39624E00F83B36 /* frame.cpp */ = {isa = PBXFileReference; lastKnownFileType = sourcecode.cpp.cpp; path = frame.cpp; sourceTree = "<group>"; };
		D307DCC92A39624E00F83B36 /* frame.hpp */ = {isa = PBXFileReference; lastKnownFileType = sourcecode.cpp.h; path = frame.hpp; sourceTree = "<group>"; };
		D307DCCB2A39626000F83B36 /* signal_encoding_type.cpp */ = {isa = PBXFileReference; lastKnownFileType = sourcecode.cpp.cpp; path = signal_encoding_type.cpp; sourceTree = "<group>"; };
		D307DCCC2A39626000F83B36 /* signal_encoding_type.hpp */ = {isa = PBXFileReference; lastKnownFileType = sourcecode.cpp.h; path = signal_encoding_type.hpp; sourceTree = "<group>"; };
		D307DCCE2A39626E00F83B36 /* signal.cpp */ = {isa = PBXFileReference; lastKnownFileType = sourcecode.cpp.cpp; path = signal.cpp; sourceTree = "<group>"; };
		D307DCCF2A39626E00F83B36 /* signal.hpp */ = {isa = PBXFileReference; lastKnownFileType = sourcecode.cpp.h; path = signal.hpp; sourceTree = "<group>"; };
/* End PBXFileReference section */

/* Begin PBXFrameworksBuildPhase section */
		D307DCAC2A39507E00F83B36 /* Frameworks */ = {
			isa = PBXFrameworksBuildPhase;
			buildActionMask = 2147483647;
			files = (
			);
			runOnlyForDeploymentPostprocessing = 0;
		};
/* End PBXFrameworksBuildPhase section */

/* Begin PBXGroup section */
		D307DCA62A39507E00F83B36 = {
			isa = PBXGroup;
			children = (
				D307DCB12A39507E00F83B36 /* LIN_Database_Encode_Decode_Tool */,
				D307DCB02A39507E00F83B36 /* Products */,
			);
			sourceTree = "<group>";
		};
		D307DCB02A39507E00F83B36 /* Products */ = {
			isa = PBXGroup;
			children = (
				D307DCAF2A39507E00F83B36 /* LIN_Database_Encode_Decode_Tool */,
			);
			name = Products;
			sourceTree = "<group>";
		};
		D307DCB12A39507E00F83B36 /* LIN_Database_Encode_Decode_Tool */ = {
			isa = PBXGroup;
			children = (
				D307DCB22A39507E00F83B36 /* main.cpp */,
				D307DCBA2A39561E00F83B36 /* ldf_parser.cpp */,
				D307DCBB2A39561E00F83B36 /* ldf_parser.hpp */,
				D307DCC72A39622A00F83B36 /* ldf_parser_dependencies */,
			);
			path = LIN_Database_Encode_Decode_Tool;
			sourceTree = "<group>";
		};
		D307DCC72A39622A00F83B36 /* ldf_parser_dependencies */ = {
			isa = PBXGroup;
			children = (
				D307DCC82A39624E00F83B36 /* frame.cpp */,
				D307DCC92A39624E00F83B36 /* frame.hpp */,
				D307DCCB2A39626000F83B36 /* signal_encoding_type.cpp */,
				D307DCCC2A39626000F83B36 /* signal_encoding_type.hpp */,
				D307DCCE2A39626E00F83B36 /* signal.cpp */,
				D307DCCF2A39626E00F83B36 /* signal.hpp */,
			);
			path = ldf_parser_dependencies;
			sourceTree = "<group>";
		};
/* End PBXGroup section */

/* Begin PBXNativeTarget section */
		D307DCAE2A39507E00F83B36 /* LIN_Database_Encode_Decode_Tool */ = {
			isa = PBXNativeTarget;
			buildConfigurationList = D307DCB62A39507E00F83B36 /* Build configuration list for PBXNativeTarget "LIN_Database_Encode_Decode_Tool" */;
			buildPhases = (
				D307DCAB2A39507E00F83B36 /* Sources */,
				D307DCAC2A39507E00F83B36 /* Frameworks */,
				D307DCAD2A39507E00F83B36 /* CopyFiles */,
			);
			buildRules = (
			);
			dependencies = (
			);
			name = LIN_Database_Encode_Decode_Tool;
			productName = LIN_Databse_Encode_Decode_Tool;
			productReference = D307DCAF2A39507E00F83B36 /* LIN_Database_Encode_Decode_Tool */;
			productType = "com.apple.product-type.tool";
		};
/* End PBXNativeTarget section */

/* Begin PBXProject section */
		D307DCA72A39507E00F83B36 /* Project object */ = {
			isa = PBXProject;
			attributes = {
				BuildIndependentTargetsInParallel = 1;
				LastUpgradeCheck = 1500;
				TargetAttributes = {
					D307DCAE2A39507E00F83B36 = {
						CreatedOnToolsVersion = 15.0;
					};
				};
			};
			buildConfigurationList = D307DCAA2A39507E00F83B36 /* Build configuration list for PBXProject "LIN_Database_Encode_Decode_Tool" */;
			compatibilityVersion = "Xcode 14.0";
			developmentRegion = en;
			hasScannedForEncodings = 0;
			knownRegions = (
				en,
				Base,
			);
			mainGroup = D307DCA62A39507E00F83B36;
			productRefGroup = D307DCB02A39507E00F83B36 /* Products */;
			projectDirPath = "";
			projectRoot = "";
			targets = (
				D307DCAE2A39507E00F83B36 /* LIN_Database_Encode_Decode_Tool */,
			);
		};
/* End PBXProject section */

/* Begin PBXSourcesBuildPhase section */
		D307DCAB2A39507E00F83B36 /* Sources */ = {
			isa = PBXSourcesBuildPhase;
			buildActionMask = 2147483647;
			files = (
				D307DCB32A39507E00F83B36 /* main.cpp in Sources */,
				D307DCBC2A39561E00F83B36 /* ldf_parser.cpp in Sources */,
				D307DCCD2A39626000F83B36 /* signal_encoding_type.cpp in Sources */,
				D307DCCA2A39624E00F83B36 /* frame.cpp in Sources */,
				D307DCD02A39626E00F83B36 /* signal.cpp in Sources */,
			);
			runOnlyForDeploymentPostprocessing = 0;
		};
/* End PBXSourcesBuildPhase section */

/* Begin XCBuildConfiguration section */
		D307DCB42A39507E00F83B36 /* Debug */ = {
			isa = XCBuildConfiguration;
			buildSettings = {
				ALWAYS_SEARCH_USER_PATHS = NO;
				ASSETCATALOG_COMPILER_GENERATE_SWIFT_ASSET_SYMBOL_EXTENSIONS = YES;
				CLANG_ANALYZER_NONNULL = YES;
				CLANG_ANALYZER_NUMBER_OBJECT_CONVERSION = YES_AGGRESSIVE;
				CLANG_CXX_LANGUAGE_STANDARD = "gnu++20";
				CLANG_ENABLE_MODULES = YES;
				CLANG_ENABLE_OBJC_ARC = YES;
				CLANG_ENABLE_OBJC_WEAK = YES;
				CLANG_WARN_BLOCK_CAPTURE_AUTORELEASING = YES;
				CLANG_WARN_BOOL_CONVERSION = YES;
				CLANG_WARN_COMMA = YES;
				CLANG_WARN_CONSTANT_CONVERSION = YES;
				CLANG_WARN_DEPRECATED_OBJC_IMPLEMENTATIONS = YES;
				CLANG_WARN_DIRECT_OBJC_ISA_USAGE = YES_ERROR;
				CLANG_WARN_DOCUMENTATION_COMMENTS = YES;
				CLANG_WARN_EMPTY_BODY = YES;
				CLANG_WARN_ENUM_CONVERSION = YES;
				CLANG_WARN_INFINITE_RECURSION = YES;
				CLANG_WARN_INT_CONVERSION = YES;
				CLANG_WARN_NON_LITERAL_NULL_CONVERSION = YES;
				CLANG_WARN_OBJC_IMPLICIT_RETAIN_SELF = YES;
				CLANG_WARN_OBJC_LITERAL_CONVERSION = YES;
				CLANG_WARN_OBJC_ROOT_CLASS = YES_ERROR;
				CLANG_WARN_QUOTED_INCLUDE_IN_FRAMEWORK_HEADER = YES;
				CLANG_WARN_RANGE_LOOP_ANALYSIS = YES;
				CLANG_WARN_STRICT_PROTOTYPES = YES;
				CLANG_WARN_SUSPICIOUS_MOVE = YES;
				CLANG_WARN_UNGUARDED_AVAILABILITY = YES_AGGRESSIVE;
				CLANG_WARN_UNREACHABLE_CODE = YES;
				CLANG_WARN__DUPLICATE_METHOD_MATCH = YES;
				COPY_PHASE_STRIP = NO;
				DEBUG_INFORMATION_FORMAT = dwarf;
				ENABLE_STRICT_OBJC_MSGSEND = YES;
				ENABLE_TESTABILITY = YES;
				ENABLE_USER_SCRIPT_SANDBOXING = YES;
				GCC_C_LANGUAGE_STANDARD = gnu17;
				GCC_DYNAMIC_NO_PIC = NO;
				GCC_NO_COMMON_BLOCKS = YES;
				GCC_OPTIMIZATION_LEVEL = 0;
				GCC_PREPROCESSOR_DEFINITIONS = (
					"DEBUG=1",
					"$(inherited)",
				);
				GCC_WARN_64_TO_32_BIT_CONVERSION = YES;
				GCC_WARN_ABOUT_RETURN_TYPE = YES_ERROR;
				GCC_WARN_UNDECLARED_SELECTOR = YES;
				GCC_WARN_UNINITIALIZED_AUTOS = YES_AGGRESSIVE;
				GCC_WARN_UNUSED_FUNCTION = YES;
				GCC_WARN_UNUSED_VARIABLE = YES;
				LOCALIZATION_PREFERS_STRING_CATALOGS = YES;
				MACOSX_DEPLOYMENT_TARGET = 13.4;
				MTL_ENABLE_DEBUG_INFO = INCLUDE_SOURCE;
				MTL_FAST_MATH = YES;
				ONLY_ACTIVE_ARCH = YES;
				SDKROOT = macosx;
			};
			name = Debug;
		};
		D307DCB52A39507E00F83B36 /* Release */ = {
			isa = XCBuildConfiguration;
			buildSettings = {
				ALWAYS_SEARCH_USER_PATHS = NO;
				ASSETCATALOG_COMPILER_GENERATE_SWIFT_ASSET_SYMBOL_EXTENSIONS = YES;
				CLANG_ANALYZER_NONNULL = YES;
				CLANG_ANALYZER_NUMBER_OBJECT_CONVERSION = YES_AGGRESSIVE;
				CLANG_CXX_LANGUAGE_STANDARD = "gnu++20";
				CLANG_ENABLE_MODULES = YES;
				CLANG_ENABLE_OBJC_ARC = YES;
				CLANG_ENABLE_OBJC_WEAK = YES;
				CLANG_WARN_BLOCK_CAPTURE_AUTORELEASING = YES;
				CLANG_WARN_BOOL_CONVERSION = YES;
				CLANG_WARN_COMMA = YES;
				CLANG_WARN_CONSTANT_CONVERSION = YES;
				CLANG_WARN_DEPRECATED_OBJC_IMPLEMENTATIONS = YES;
				CLANG_WARN_DIRECT_OBJC_ISA_USAGE = YES_ERROR;
				CLANG_WARN_DOCUMENTATION_COMMENTS = YES;
				CLANG_WARN_EMPTY_BODY = YES;
				CLANG_WARN_ENUM_CONVERSION = YES;
				CLANG_WARN_INFINITE_RECURSION = YES;
				CLANG_WARN_INT_CONVERSION = YES;
				CLANG_WARN_NON_LITERAL_NULL_CONVERSION = YES;
				CLANG_WARN_OBJC_IMPLICIT_RETAIN_SELF = YES;
				CLANG_WARN_OBJC_LITERAL_CONVERSION = YES;
				CLANG_WARN_OBJC_ROOT_CLASS = YES_ERROR;
				CLANG_WARN_QUOTED_INCLUDE_IN_FRAMEWORK_HEADER = YES;
				CLANG_WARN_RANGE_LOOP_ANALYSIS = YES;
				CLANG_WARN_STRICT_PROTOTYPES = YES;
				CLANG_WARN_SUSPICIOUS_MOVE = YES;
				CLANG_WARN_UNGUARDED_AVAILABILITY = YES_AGGRESSIVE;
				CLANG_WARN_UNREACHABLE_CODE = YES;
				CLANG_WARN__DUPLICATE_METHOD_MATCH = YES;
				COPY_PHASE_STRIP = NO;
				DEBUG_INFORMATION_FORMAT = "dwarf-with-dsym";
				ENABLE_NS_ASSERTIONS = NO;
				ENABLE_STRICT_OBJC_MSGSEND = YES;
				ENABLE_USER_SCRIPT_SANDBOXING = YES;
				GCC_C_LANGUAGE_STANDARD = gnu17;
				GCC_NO_COMMON_BLOCKS = YES;
				GCC_WARN_64_TO_32_BIT_CONVERSION = YES;
				GCC_WARN_ABOUT_RETURN_TYPE = YES_ERROR;
				GCC_WARN_UNDECLARED_SELECTOR = YES;
				GCC_WARN_UNINITIALIZED_AUTOS = YES_AGGRESSIVE;
				GCC_WARN_UNUSED_FUNCTION = YES;
				GCC_WARN_UNUSED_VARIABLE = YES;
				LOCALIZATION_PREFERS_STRING_CATALOGS = YES;
				MACOSX_DEPLOYMENT_TARGET = 13.4;
				MTL_ENABLE_DEBUG_INFO = NO;
				MTL_FAST_MATH = YES;
				SDKROOT = macosx;
			};
			name = Release;
		};
		D307DCB72A39507E00F83B36 /* Debug */ = {
			isa = XCBuildConfiguration;
			buildSettings = {
				CODE_SIGN_STYLE = Automatic;
				DEVELOPMENT_TEAM = 8XK8TA2ZYG;
				ENABLE_HARDENED_RUNTIME = YES;
				PRODUCT_NAME = "$(TARGET_NAME)";
			};
			name = Debug;
		};
		D307DCB82A39507E00F83B36 /* Release */ = {
			isa = XCBuildConfiguration;
			buildSettings = {
				CODE_SIGN_STYLE = Automatic;
				DEVELOPMENT_TEAM = 8XK8TA2ZYG;
				ENABLE_HARDENED_RUNTIME = YES;
				PRODUCT_NAME = "$(TARGET_NAME)";
			};
			name = Release;
		};
/* End XCBuildConfiguration section */

/* Begin XCConfigurationList section */
		D307DCAA2A39507E00F83B36 /* Build configuration list for PBXProject "LIN_Database_Encode_Decode_Tool" */ = {
			isa = XCConfigurationList;
			buildConfigurations = (
				D307DCB42A39507E00F83B36 /* Debug */,
				D307DCB52A39507E00F83B36 /* Release */,
			);
			defaultConfigurationIsVisible = 0;
			defaultConfigurationName = Release;
		};
		D307DCB62A39507E00F83B36 /* Build configuration list for PBXNativeTarget "LIN_Database_Encode_Decode_Tool" */ = {
			isa = XCConfigurationList;
			buildConfigurations = (
				D307DCB72A39507E00F83B36 /* Debug */,
				D307DCB82A39507E00F83B36 /* Release */,
			);
			defaultConfigurationIsVisible = 0;
			defaultConfigurationName = Release;
		};
/* End XCConfigurationList section */
	};
	rootObject = D307DCA72A39507E00F83B36 /* Project object */;
}
